
Microsoft Visual Studio Solution File, Format Version 12.00
# Visual Studio Version 17
VisualStudioVersion = 17.0.31919.166
MinimumVisualStudioVersion = 10.0.40219.1
Project("{FAE04EC0-301F-11D3-BF4B-00C04F79EFBC}") = "MansionInvestigation", "MansionInvestigation\MansionInvestigation.csproj", "{D7095F84-4E6E-4927-BEEB-768A934B5C7F}"
EndProject
Global
	GlobalSection(SolutionConfigurationPlatforms) = preSolution
		Debug|Any CPU = Debug|Any CPU
		Release|Any CPU = Release|Any CPU
	EndGlobalSection
	GlobalSection(ProjectConfigurationPlatforms) = postSolution
		{D7095F84-4E6E-4927-BEEB-768A934B5C7F}.Debug|Any CPU.ActiveCfg = Debug|Any CPU
		{D7095F84-4E6E-4927-BEEB-768A934B5C7F}.Debug|Any CPU.Build.0 = Debug|Any CPU
		{D7095F84-4E6E-4927-BEEB-768A934B5C7F}.Release|Any CPU.ActiveCfg = Release|Any CPU
		{D7095F84-4E6E-4927-BEEB-768A934B5C7F}.Release|Any CPU.Build.0 = Release|Any CPU
	EndGlobalSection
	GlobalSection(SolutionProperties) = preSolution
		HideSolutionNode = FALSE
	EndGlobalSection
	GlobalSection(ExtensibilityGlobals) = postSolution
		SolutionGuid = {014555B2-DF0D-417E-93A5-A606407B5185}
	EndGlobalSection
EndGlobal
